
Microsoft Visual Studio Solution File, Format Version 12.00
# Visual Studio Version 16
VisualStudioVersion = 16.0.28729.10
MinimumVisualStudioVersion = 10.0.40219.1
Project("{E24C65DC-7377-472B-9ABA-BC803B73C61A}") = "elbon-concepts(1)", ".", "{CC8D0CAA-234B-48C0-8DFA-2AE25CD24012}"
	ProjectSection(WebsiteProperties) = preProject
		TargetFrameworkMoniker = ".NETFramework,Version%3Dv4.0"
		Debug.AspNetCompiler.VirtualPath = "/localhost_51440"
		Debug.AspNetCompiler.PhysicalPath = "..\elbon-concepts\"
		Debug.AspNetCompiler.TargetPath = "PrecompiledWeb\localhost_51440\"
		Debug.AspNetCompiler.Updateable = "true"
		Debug.AspNetCompiler.ForceOverwrite = "true"
		Debug.AspNetCompiler.FixedNames = "false"
		Debug.AspNetCompiler.Debug = "True"
		Release.AspNetCompiler.VirtualPath = "/localhost_51440"
		Release.AspNetCompiler.PhysicalPath = "..\elbon-concepts\"
		Release.AspNetCompiler.TargetPath = "PrecompiledWeb\localhost_51440\"
		Release.AspNetCompiler.Updateable = "true"
		Release.AspNetCompiler.ForceOverwrite = "true"
		Release.AspNetCompiler.FixedNames = "false"
		Release.AspNetCompiler.Debug = "False"
		VWDPort = "51440"
	EndProjectSection
EndProject
Global
	GlobalSection(SolutionConfigurationPlatforms) = preSolution
		Debug|Any CPU = Debug|Any CPU
	EndGlobalSection
	GlobalSection(ProjectConfigurationPlatforms) = postSolution
		{CC8D0CAA-234B-48C0-8DFA-2AE25CD24012}.Debug|Any CPU.ActiveCfg = Debug|Any CPU
		{CC8D0CAA-234B-48C0-8DFA-2AE25CD24012}.Debug|Any CPU.Build.0 = Debug|Any CPU
	EndGlobalSection
	GlobalSection(SolutionProperties) = preSolution
		HideSolutionNode = FALSE
	EndGlobalSection
	GlobalSection(ExtensibilityGlobals) = postSolution
		SolutionGuid = {7E165F2A-4EB6-424F-9937-94AD272B8D4B}
	EndGlobalSection
EndGlobal
